// !$*UTF8*$!
{
	archiveVersion = 1;
	classes = {
	};
	objectVersion = 48;
	objects = {

/* Begin PBXBuildFile section */
		57234B301FB1033400DFD5E9 /* BinaryReader.m in Sources */ = {isa = PBXBuildFile; fileRef = 57234B2F1FB1033400DFD5E9 /* BinaryReader.m */; };
		5729DBB01FB3BB500068ABCC /* ATRImage.m in Sources */ = {isa = PBXBuildFile; fileRef = 5729DBAF1FB3BB500068ABCC /* ATRImage.m */; };
		574313181FEAE551000110F7 /* HexTextLayer.m in Sources */ = {isa = PBXBuildFile; fileRef = 574313171FEAE551000110F7 /* HexTextLayer.m */; };
		5757BABE1FB4AE4B00CEDB10 /* NSStringExtension.m in Sources */ = {isa = PBXBuildFile; fileRef = 5757BABD1FB4AE4B00CEDB10 /* NSStringExtension.m */; };
		5757BAC11FB4C85C00CEDB10 /* AtariFile.m in Sources */ = {isa = PBXBuildFile; fileRef = 5757BAC01FB4C85C00CEDB10 /* AtariFile.m */; };
		5774411D1FFAFE59002C2CE7 /* Disassembler.m in Sources */ = {isa = PBXBuildFile; fileRef = 5774411C1FFAFE59002C2CE7 /* Disassembler.m */; };
		577441221FFBB86E002C2CE7 /* InstructionSet.m in Sources */ = {isa = PBXBuildFile; fileRef = 577441211FFBB86E002C2CE7 /* InstructionSet.m */; };
		577441251FFBB91E002C2CE7 /* Instruction.m in Sources */ = {isa = PBXBuildFile; fileRef = 577441241FFBB91E002C2CE7 /* Instruction.m */; };
		577441291FFC4885002C2CE7 /* Label.m in Sources */ = {isa = PBXBuildFile; fileRef = 577441281FFC4885002C2CE7 /* Label.m */; };
		5774412C1FFC4A39002C2CE7 /* LabelArray.m in Sources */ = {isa = PBXBuildFile; fileRef = 5774412B1FFC4A39002C2CE7 /* LabelArray.m */; };
		5784BA281FC384E70040CCE0 /* SpartaDos.m in Sources */ = {isa = PBXBuildFile; fileRef = 5784BA271FC384E70040CCE0 /* SpartaDos.m */; };
		57A0AB3D1FC07B9A005B3C34 /* FileSystem.m in Sources */ = {isa = PBXBuildFile; fileRef = 57A0AB3C1FC07B9A005B3C34 /* FileSystem.m */; };
		57A0AB401FC07CEF005B3C34 /* DosFileSystem.m in Sources */ = {isa = PBXBuildFile; fileRef = 57A0AB3F1FC07CEF005B3C34 /* DosFileSystem.m */; };
		57D5F8691FAFAEBF004D891B /* AppDelegate.m in Sources */ = {isa = PBXBuildFile; fileRef = 57D5F8681FAFAEBF004D891B /* AppDelegate.m */; };
		57D5F86C1FAFAEBF004D891B /* ViewController.m in Sources */ = {isa = PBXBuildFile; fileRef = 57D5F86B1FAFAEBF004D891B /* ViewController.m */; };
		57D5F86E1FAFAEBF004D891B /* Assets.xcassets in Resources */ = {isa = PBXBuildFile; fileRef = 57D5F86D1FAFAEBF004D891B /* Assets.xcassets */; };
		57D5F8711FAFAEBF004D891B /* Main.storyboard in Resources */ = {isa = PBXBuildFile; fileRef = 57D5F86F1FAFAEBF004D891B /* Main.storyboard */; };
		57D5F8741FAFAEBF004D891B /* main.m in Sources */ = {isa = PBXBuildFile; fileRef = 57D5F8731FAFAEBF004D891B /* main.m */; };
		57DB73981FD3FB930051A9A1 /* SectorsViewController.m in Sources */ = {isa = PBXBuildFile; fileRef = 57DB73971FD3FB930051A9A1 /* SectorsViewController.m */; };
		57DB739B1FD3FC070051A9A1 /* BootViewController.m in Sources */ = {isa = PBXBuildFile; fileRef = 57DB739A1FD3FC070051A9A1 /* BootViewController.m */; };
		57DB73A31FD4349E0051A9A1 /* HexField.m in Sources */ = {isa = PBXBuildFile; fileRef = 57DB73A21FD4349E0051A9A1 /* HexField.m */; };
		57DB73A61FD43AAF0051A9A1 /* HexColorLayer.m in Sources */ = {isa = PBXBuildFile; fileRef = 57DB73A51FD43AAF0051A9A1 /* HexColorLayer.m */; };
		57DDDCE71FBD8F5E000D6687 /* SectorMap.m in Sources */ = {isa = PBXBuildFile; fileRef = 57DDDCE61FBD8F5E000D6687 /* SectorMap.m */; };
		57DDDCEA1FBF362F000D6687 /* DiskImage.m in Sources */ = {isa = PBXBuildFile; fileRef = 57DDDCE91FBF362F000D6687 /* DiskImage.m */; };
		57DDDCED1FBF38FA000D6687 /* XFDImage.m in Sources */ = {isa = PBXBuildFile; fileRef = 57DDDCEC1FBF38FA000D6687 /* XFDImage.m */; };
/* End PBXBuildFile section */

/* Begin PBXFileReference section */
		57234B2E1FB1033400DFD5E9 /* BinaryReader.h */ = {isa = PBXFileReference; lastKnownFileType = sourcecode.c.h; path = BinaryReader.h; sourceTree = "<group>"; };
		57234B2F1FB1033400DFD5E9 /* BinaryReader.m */ = {isa = PBXFileReference; lastKnownFileType = sourcecode.c.objc; path = BinaryReader.m; sourceTree = "<group>"; };
		5729DBAE1FB3BB500068ABCC /* ATRImage.h */ = {isa = PBXFileReference; lastKnownFileType = sourcecode.c.h; path = ATRImage.h; sourceTree = "<group>"; };
		5729DBAF1FB3BB500068ABCC /* ATRImage.m */ = {isa = PBXFileReference; lastKnownFileType = sourcecode.c.objc; path = ATRImage.m; sourceTree = "<group>"; };
		574313161FEAE551000110F7 /* HexTextLayer.h */ = {isa = PBXFileReference; lastKnownFileType = sourcecode.c.h; path = HexTextLayer.h; sourceTree = "<group>"; };
		574313171FEAE551000110F7 /* HexTextLayer.m */ = {isa = PBXFileReference; lastKnownFileType = sourcecode.c.objc; path = HexTextLayer.m; sourceTree = "<group>"; };
		5757BABC1FB4AE4B00CEDB10 /* NSStringExtension.h */ = {isa = PBXFileReference; lastKnownFileType = sourcecode.c.h; path = NSStringExtension.h; sourceTree = "<group>"; };
		5757BABD1FB4AE4B00CEDB10 /* NSStringExtension.m */ = {isa = PBXFileReference; lastKnownFileType = sourcecode.c.objc; path = NSStringExtension.m; sourceTree = "<group>"; };
		5757BABF1FB4C85C00CEDB10 /* AtariFile.h */ = {isa = PBXFileReference; lastKnownFileType = sourcecode.c.h; path = AtariFile.h; sourceTree = "<group>"; };
		5757BAC01FB4C85C00CEDB10 /* AtariFile.m */ = {isa = PBXFileReference; lastKnownFileType = sourcecode.c.objc; path = AtariFile.m; sourceTree = "<group>"; };
		5774411B1FFAFE59002C2CE7 /* Disassembler.h */ = {isa = PBXFileReference; lastKnownFileType = sourcecode.c.h; path = Disassembler.h; sourceTree = "<group>"; };
		5774411C1FFAFE59002C2CE7 /* Disassembler.m */ = {isa = PBXFileReference; lastKnownFileType = sourcecode.c.objc; path = Disassembler.m; sourceTree = "<group>"; };
		577441201FFBB86E002C2CE7 /* InstructionSet.h */ = {isa = PBXFileReference; lastKnownFileType = sourcecode.c.h; path = InstructionSet.h; sourceTree = "<group>"; };
		577441211FFBB86E002C2CE7 /* InstructionSet.m */ = {isa = PBXFileReference; lastKnownFileType = sourcecode.c.objc; path = InstructionSet.m; sourceTree = "<group>"; };
		577441231FFBB91E002C2CE7 /* Instruction.h */ = {isa = PBXFileReference; lastKnownFileType = sourcecode.c.h; path = Instruction.h; sourceTree = "<group>"; };
		577441241FFBB91E002C2CE7 /* Instruction.m */ = {isa = PBXFileReference; lastKnownFileType = sourcecode.c.objc; path = Instruction.m; sourceTree = "<group>"; };
		577441261FFBBC5F002C2CE7 /* AddressingMode.h */ = {isa = PBXFileReference; lastKnownFileType = sourcecode.c.h; path = AddressingMode.h; sourceTree = "<group>"; };
		577441271FFC4885002C2CE7 /* Label.h */ = {isa = PBXFileReference; lastKnownFileType = sourcecode.c.h; path = Label.h; sourceTree = "<group>"; };
		577441281FFC4885002C2CE7 /* Label.m */ = {isa = PBXFileReference; lastKnownFileType = sourcecode.c.objc; path = Label.m; sourceTree = "<group>"; };
		5774412A1FFC4A39002C2CE7 /* LabelArray.h */ = {isa = PBXFileReference; lastKnownFileType = sourcecode.c.h; path = LabelArray.h; sourceTree = "<group>"; };
		5774412B1FFC4A39002C2CE7 /* LabelArray.m */ = {isa = PBXFileReference; lastKnownFileType = sourcecode.c.objc; path = LabelArray.m; sourceTree = "<group>"; };
		5784BA261FC384E70040CCE0 /* SpartaDos.h */ = {isa = PBXFileReference; lastKnownFileType = sourcecode.c.h; path = SpartaDos.h; sourceTree = "<group>"; };
		5784BA271FC384E70040CCE0 /* SpartaDos.m */ = {isa = PBXFileReference; lastKnownFileType = sourcecode.c.objc; path = SpartaDos.m; sourceTree = "<group>"; };
		57A0AB3B1FC07B9A005B3C34 /* FileSystem.h */ = {isa = PBXFileReference; lastKnownFileType = sourcecode.c.h; path = FileSystem.h; sourceTree = "<group>"; };
		57A0AB3C1FC07B9A005B3C34 /* FileSystem.m */ = {isa = PBXFileReference; lastKnownFileType = sourcecode.c.objc; path = FileSystem.m; sourceTree = "<group>"; };
		57A0AB3E1FC07CEF005B3C34 /* DosFileSystem.h */ = {isa = PBXFileReference; lastKnownFileType = sourcecode.c.h; path = DosFileSystem.h; sourceTree = "<group>"; };
		57A0AB3F1FC07CEF005B3C34 /* DosFileSystem.m */ = {isa = PBXFileReference; lastKnownFileType = sourcecode.c.objc; path = DosFileSystem.m; sourceTree = "<group>"; };
		57D5F8641FAFAEBF004D891B /* Atari Disk Browser.app */ = {isa = PBXFileReference; explicitFileType = wrapper.application; includeInIndex = 0; path = "Atari Disk Browser.app"; sourceTree = BUILT_PRODUCTS_DIR; };
		57D5F8671FAFAEBF004D891B /* AppDelegate.h */ = {isa = PBXFileReference; lastKnownFileType = sourcecode.c.h; path = AppDelegate.h; sourceTree = "<group>"; };
		57D5F8681FAFAEBF004D891B /* AppDelegate.m */ = {isa = PBXFileReference; lastKnownFileType = sourcecode.c.objc; path = AppDelegate.m; sourceTree = "<group>"; };
		57D5F86A1FAFAEBF004D891B /* ViewController.h */ = {isa = PBXFileReference; lastKnownFileType = sourcecode.c.h; path = ViewController.h; sourceTree = "<group>"; };
		57D5F86B1FAFAEBF004D891B /* ViewController.m */ = {isa = PBXFileReference; lastKnownFileType = sourcecode.c.objc; path = ViewController.m; sourceTree = "<group>"; };
		57D5F86D1FAFAEBF004D891B /* Assets.xcassets */ = {isa = PBXFileReference; lastKnownFileType = folder.assetcatalog; path = Assets.xcassets; sourceTree = "<group>"; };
		57D5F8701FAFAEBF004D891B /* Base */ = {isa = PBXFileReference; lastKnownFileType = file.storyboard; name = Base; path = Base.lproj/Main.storyboard; sourceTree = "<group>"; };
		57D5F8721FAFAEBF004D891B /* Info.plist */ = {isa = PBXFileReference; lastKnownFileType = text.plist.xml; path = Info.plist; sourceTree = "<group>"; };
		57D5F8731FAFAEBF004D891B /* main.m */ = {isa = PBXFileReference; lastKnownFileType = sourcecode.c.objc; path = main.m; sourceTree = "<group>"; };
		57D5F8751FAFAEBF004D891B /* AtariDiskBrowser.entitlements */ = {isa = PBXFileReference; lastKnownFileType = text.plist.entitlements; path = AtariDiskBrowser.entitlements; sourceTree = "<group>"; };
		57DB73961FD3FB930051A9A1 /* SectorsViewController.h */ = {isa = PBXFileReference; lastKnownFileType = sourcecode.c.h; path = SectorsViewController.h; sourceTree = "<group>"; };
		57DB73971FD3FB930051A9A1 /* SectorsViewController.m */ = {isa = PBXFileReference; lastKnownFileType = sourcecode.c.objc; path = SectorsViewController.m; sourceTree = "<group>"; };
		57DB73991FD3FC070051A9A1 /* BootViewController.h */ = {isa = PBXFileReference; lastKnownFileType = sourcecode.c.h; path = BootViewController.h; sourceTree = "<group>"; };
		57DB739A1FD3FC070051A9A1 /* BootViewController.m */ = {isa = PBXFileReference; lastKnownFileType = sourcecode.c.objc; path = BootViewController.m; sourceTree = "<group>"; };
		57DB73A11FD4349E0051A9A1 /* HexField.h */ = {isa = PBXFileReference; lastKnownFileType = sourcecode.c.h; path = HexField.h; sourceTree = "<group>"; };
		57DB73A21FD4349E0051A9A1 /* HexField.m */ = {isa = PBXFileReference; lastKnownFileType = sourcecode.c.objc; path = HexField.m; sourceTree = "<group>"; };
		57DB73A41FD43AAF0051A9A1 /* HexColorLayer.h */ = {isa = PBXFileReference; lastKnownFileType = sourcecode.c.h; path = HexColorLayer.h; sourceTree = "<group>"; };
		57DB73A51FD43AAF0051A9A1 /* HexColorLayer.m */ = {isa = PBXFileReference; lastKnownFileType = sourcecode.c.objc; path = HexColorLayer.m; sourceTree = "<group>"; };
		57DDDCE51FBD8F5E000D6687 /* SectorMap.h */ = {isa = PBXFileReference; lastKnownFileType = sourcecode.c.h; path = SectorMap.h; sourceTree = "<group>"; };
		57DDDCE61FBD8F5E000D6687 /* SectorMap.m */ = {isa = PBXFileReference; lastKnownFileType = sourcecode.c.objc; path = SectorMap.m; sourceTree = "<group>"; };
		57DDDCE81FBF362F000D6687 /* DiskImage.h */ = {isa = PBXFileReference; lastKnownFileType = sourcecode.c.h; path = DiskImage.h; sourceTree = "<group>"; };
		57DDDCE91FBF362F000D6687 /* DiskImage.m */ = {isa = PBXFileReference; lastKnownFileType = sourcecode.c.objc; path = DiskImage.m; sourceTree = "<group>"; };
		57DDDCEB1FBF38FA000D6687 /* XFDImage.h */ = {isa = PBXFileReference; lastKnownFileType = sourcecode.c.h; path = XFDImage.h; sourceTree = "<group>"; };
		57DDDCEC1FBF38FA000D6687 /* XFDImage.m */ = {isa = PBXFileReference; lastKnownFileType = sourcecode.c.objc; path = XFDImage.m; sourceTree = "<group>"; };
		57F8AF0E1FF594C000E0CED8 /* Font.h */ = {isa = PBXFileReference; lastKnownFileType = sourcecode.c.h; path = Font.h; sourceTree = "<group>"; };
/* End PBXFileReference section */

/* Begin PBXFrameworksBuildPhase section */
		57D5F8611FAFAEBF004D891B /* Frameworks */ = {
			isa = PBXFrameworksBuildPhase;
			buildActionMask = 2147483647;
			files = (
			);
			runOnlyForDeploymentPostprocessing = 0;
		};
/* End PBXFrameworksBuildPhase section */

/* Begin PBXGroup section */
		5774411A1FFAFE0F002C2CE7 /* Disassembler */ = {
			isa = PBXGroup;
			children = (
				577441261FFBBC5F002C2CE7 /* AddressingMode.h */,
				5774411B1FFAFE59002C2CE7 /* Disassembler.h */,
				5774411C1FFAFE59002C2CE7 /* Disassembler.m */,
				577441231FFBB91E002C2CE7 /* Instruction.h */,
				577441241FFBB91E002C2CE7 /* Instruction.m */,
				577441201FFBB86E002C2CE7 /* InstructionSet.h */,
				577441211FFBB86E002C2CE7 /* InstructionSet.m */,
				577441271FFC4885002C2CE7 /* Label.h */,
				577441281FFC4885002C2CE7 /* Label.m */,
				5774412A1FFC4A39002C2CE7 /* LabelArray.h */,
				5774412B1FFC4A39002C2CE7 /* LabelArray.m */,
			);
			path = Disassembler;
			sourceTree = "<group>";
		};
		57A0AB441FC08E71005B3C34 /* DiskImages */ = {
			isa = PBXGroup;
			children = (
				5729DBAE1FB3BB500068ABCC /* ATRImage.h */,
				5729DBAF1FB3BB500068ABCC /* ATRImage.m */,
				57DDDCE81FBF362F000D6687 /* DiskImage.h */,
				57DDDCE91FBF362F000D6687 /* DiskImage.m */,
				57DDDCEB1FBF38FA000D6687 /* XFDImage.h */,
				57DDDCEC1FBF38FA000D6687 /* XFDImage.m */,
			);
			path = DiskImages;
			sourceTree = "<group>";
		};
		57A0AB451FC09041005B3C34 /* FileSystems */ = {
			isa = PBXGroup;
			children = (
				57A0AB3E1FC07CEF005B3C34 /* DosFileSystem.h */,
				57A0AB3F1FC07CEF005B3C34 /* DosFileSystem.m */,
				57A0AB3B1FC07B9A005B3C34 /* FileSystem.h */,
				57A0AB3C1FC07B9A005B3C34 /* FileSystem.m */,
				5784BA261FC384E70040CCE0 /* SpartaDos.h */,
				5784BA271FC384E70040CCE0 /* SpartaDos.m */,
			);
			path = FileSystems;
			sourceTree = "<group>";
		};
		57D5F85B1FAFAEBF004D891B = {
			isa = PBXGroup;
			children = (
				57D5F8661FAFAEBF004D891B /* AtariDiskBrowser */,
				57D5F8651FAFAEBF004D891B /* Products */,
			);
			sourceTree = "<group>";
		};
		57D5F8651FAFAEBF004D891B /* Products */ = {
			isa = PBXGroup;
			children = (
				57D5F8641FAFAEBF004D891B /* Atari Disk Browser.app */,
			);
			name = Products;
			sourceTree = "<group>";
		};
		57D5F8661FAFAEBF004D891B /* AtariDiskBrowser */ = {
			isa = PBXGroup;
			children = (
				57DB73A01FD4345E0051A9A1 /* Controls */,
				5774411A1FFAFE0F002C2CE7 /* Disassembler */,
				57A0AB441FC08E71005B3C34 /* DiskImages */,
				57A0AB451FC09041005B3C34 /* FileSystems */,
				57DB739E1FD4158F0051A9A1 /* Views */,
				57DB739F1FD415B70051A9A1 /* ViewControllers */,
				57D5F8671FAFAEBF004D891B /* AppDelegate.h */,
				57D5F8681FAFAEBF004D891B /* AppDelegate.m */,
				57D5F86D1FAFAEBF004D891B /* Assets.xcassets */,
				57D5F8751FAFAEBF004D891B /* AtariDiskBrowser.entitlements */,
				5757BABF1FB4C85C00CEDB10 /* AtariFile.h */,
				5757BAC01FB4C85C00CEDB10 /* AtariFile.m */,
				57234B2E1FB1033400DFD5E9 /* BinaryReader.h */,
				57234B2F1FB1033400DFD5E9 /* BinaryReader.m */,
				57D5F8721FAFAEBF004D891B /* Info.plist */,
				57D5F8731FAFAEBF004D891B /* main.m */,
				57D5F86F1FAFAEBF004D891B /* Main.storyboard */,
				5757BABC1FB4AE4B00CEDB10 /* NSStringExtension.h */,
				5757BABD1FB4AE4B00CEDB10 /* NSStringExtension.m */,
			);
			path = AtariDiskBrowser;
			sourceTree = "<group>";
		};
		57DB739E1FD4158F0051A9A1 /* Views */ = {
			isa = PBXGroup;
			children = (
				57DDDCE51FBD8F5E000D6687 /* SectorMap.h */,
				57DDDCE61FBD8F5E000D6687 /* SectorMap.m */,
			);
			path = Views;
			sourceTree = "<group>";
		};
		57DB739F1FD415B70051A9A1 /* ViewControllers */ = {
			isa = PBXGroup;
			children = (
				57DB73991FD3FC070051A9A1 /* BootViewController.h */,
				57DB739A1FD3FC070051A9A1 /* BootViewController.m */,
				57DB73961FD3FB930051A9A1 /* SectorsViewController.h */,
				57DB73971FD3FB930051A9A1 /* SectorsViewController.m */,
				57D5F86A1FAFAEBF004D891B /* ViewController.h */,
				57D5F86B1FAFAEBF004D891B /* ViewController.m */,
			);
			path = ViewControllers;
			sourceTree = "<group>";
		};
		57DB73A01FD4345E0051A9A1 /* Controls */ = {
			isa = PBXGroup;
			children = (
				57F8AF0E1FF594C000E0CED8 /* Font.h */,
				57DB73A11FD4349E0051A9A1 /* HexField.h */,
				57DB73A21FD4349E0051A9A1 /* HexField.m */,
				57DB73A41FD43AAF0051A9A1 /* HexColorLayer.h */,
				57DB73A51FD43AAF0051A9A1 /* HexColorLayer.m */,
				574313161FEAE551000110F7 /* HexTextLayer.h */,
				574313171FEAE551000110F7 /* HexTextLayer.m */,
			);
			path = Controls;
			sourceTree = "<group>";
		};
/* End PBXGroup section */

/* Begin PBXNativeTarget section */
		57D5F8631FAFAEBF004D891B /* AtariDiskBrowser */ = {
			isa = PBXNativeTarget;
			buildConfigurationList = 57D5F8781FAFAEBF004D891B /* Build configuration list for PBXNativeTarget "AtariDiskBrowser" */;
			buildPhases = (
				57D5F8601FAFAEBF004D891B /* Sources */,
				57D5F8611FAFAEBF004D891B /* Frameworks */,
				57D5F8621FAFAEBF004D891B /* Resources */,
			);
			buildRules = (
			);
			dependencies = (
			);
			name = AtariDiskBrowser;
			productName = AtariDiscBrowser;
			productReference = 57D5F8641FAFAEBF004D891B /* Atari Disk Browser.app */;
			productType = "com.apple.product-type.application";
		};
/* End PBXNativeTarget section */

/* Begin PBXProject section */
		57D5F85C1FAFAEBF004D891B /* Project object */ = {
			isa = PBXProject;
			attributes = {
				LastUpgradeCheck = 0910;
				ORGANIZATIONNAME = "Lubomír Klimeš";
				TargetAttributes = {
					57D5F8631FAFAEBF004D891B = {
						CreatedOnToolsVersion = 9.1;
						ProvisioningStyle = Automatic;
					};
				};
			};
			buildConfigurationList = 57D5F85F1FAFAEBF004D891B /* Build configuration list for PBXProject "AtariDiskBrowser" */;
			compatibilityVersion = "Xcode 8.0";
			developmentRegion = en;
			hasScannedForEncodings = 0;
			knownRegions = (
				en,
				Base,
			);
			mainGroup = 57D5F85B1FAFAEBF004D891B;
			productRefGroup = 57D5F8651FAFAEBF004D891B /* Products */;
			projectDirPath = "";
			projectRoot = "";
			targets = (
				57D5F8631FAFAEBF004D891B /* AtariDiskBrowser */,
			);
		};
/* End PBXProject section */

/* Begin PBXResourcesBuildPhase section */
		57D5F8621FAFAEBF004D891B /* Resources */ = {
			isa = PBXResourcesBuildPhase;
			buildActionMask = 2147483647;
			files = (
				57D5F86E1FAFAEBF004D891B /* Assets.xcassets in Resources */,
				57D5F8711FAFAEBF004D891B /* Main.storyboard in Resources */,
			);
			runOnlyForDeploymentPostprocessing = 0;
		};
/* End PBXResourcesBuildPhase section */

/* Begin PBXSourcesBuildPhase section */
		57D5F8601FAFAEBF004D891B /* Sources */ = {
			isa = PBXSourcesBuildPhase;
			buildActionMask = 2147483647;
			files = (
				57D5F86C1FAFAEBF004D891B /* ViewController.m in Sources */,
				57A0AB401FC07CEF005B3C34 /* DosFileSystem.m in Sources */,
				57234B301FB1033400DFD5E9 /* BinaryReader.m in Sources */,
				57D5F8741FAFAEBF004D891B /* main.m in Sources */,
				57D5F8691FAFAEBF004D891B /* AppDelegate.m in Sources */,
				577441221FFBB86E002C2CE7 /* InstructionSet.m in Sources */,
				577441291FFC4885002C2CE7 /* Label.m in Sources */,
				5784BA281FC384E70040CCE0 /* SpartaDos.m in Sources */,
				574313181FEAE551000110F7 /* HexTextLayer.m in Sources */,
				57DDDCE71FBD8F5E000D6687 /* SectorMap.m in Sources */,
				5757BAC11FB4C85C00CEDB10 /* AtariFile.m in Sources */,
				5774412C1FFC4A39002C2CE7 /* LabelArray.m in Sources */,
				57DDDCED1FBF38FA000D6687 /* XFDImage.m in Sources */,
				57DDDCEA1FBF362F000D6687 /* DiskImage.m in Sources */,
				57DB73A61FD43AAF0051A9A1 /* HexColorLayer.m in Sources */,
				57A0AB3D1FC07B9A005B3C34 /* FileSystem.m in Sources */,
				5729DBB01FB3BB500068ABCC /* ATRImage.m in Sources */,
				577441251FFBB91E002C2CE7 /* Instruction.m in Sources */,
				57DB73981FD3FB930051A9A1 /* SectorsViewController.m in Sources */,
				5774411D1FFAFE59002C2CE7 /* Disassembler.m in Sources */,
				5757BABE1FB4AE4B00CEDB10 /* NSStringExtension.m in Sources */,
				57DB73A31FD4349E0051A9A1 /* HexField.m in Sources */,
				57DB739B1FD3FC070051A9A1 /* BootViewController.m in Sources */,
			);
			runOnlyForDeploymentPostprocessing = 0;
		};
/* End PBXSourcesBuildPhase section */

/* Begin PBXVariantGroup section */
		57D5F86F1FAFAEBF004D891B /* Main.storyboard */ = {
			isa = PBXVariantGroup;
			children = (
				57D5F8701FAFAEBF004D891B /* Base */,
			);
			name = Main.storyboard;
			sourceTree = "<group>";
		};
/* End PBXVariantGroup section */

/* Begin XCBuildConfiguration section */
		57D5F8761FAFAEBF004D891B /* Debug */ = {
			isa = XCBuildConfiguration;
			buildSettings = {
				ALWAYS_SEARCH_USER_PATHS = NO;
				CLANG_ANALYZER_NONNULL = YES;
				CLANG_ANALYZER_NUMBER_OBJECT_CONVERSION = YES_AGGRESSIVE;
				CLANG_CXX_LANGUAGE_STANDARD = "gnu++14";
				CLANG_CXX_LIBRARY = "libc++";
				CLANG_ENABLE_MODULES = YES;
				CLANG_ENABLE_OBJC_ARC = YES;
				CLANG_WARN_BLOCK_CAPTURE_AUTORELEASING = YES;
				CLANG_WARN_BOOL_CONVERSION = YES;
				CLANG_WARN_COMMA = YES;
				CLANG_WARN_CONSTANT_CONVERSION = YES;
				CLANG_WARN_DIRECT_OBJC_ISA_USAGE = YES_ERROR;
				CLANG_WARN_DOCUMENTATION_COMMENTS = YES;
				CLANG_WARN_EMPTY_BODY = YES;
				CLANG_WARN_ENUM_CONVERSION = YES;
				CLANG_WARN_INFINITE_RECURSION = YES;
				CLANG_WARN_INT_CONVERSION = YES;
				CLANG_WARN_NON_LITERAL_NULL_CONVERSION = YES;
				CLANG_WARN_OBJC_LITERAL_CONVERSION = YES;
				CLANG_WARN_OBJC_ROOT_CLASS = YES_ERROR;
				CLANG_WARN_RANGE_LOOP_ANALYSIS = YES;
				CLANG_WARN_STRICT_PROTOTYPES = YES;
				CLANG_WARN_SUSPICIOUS_MOVE = YES;
				CLANG_WARN_UNGUARDED_AVAILABILITY = YES_AGGRESSIVE;
				CLANG_WARN_UNREACHABLE_CODE = YES;
				CLANG_WARN__DUPLICATE_METHOD_MATCH = YES;
				CODE_SIGN_IDENTITY = "-";
				COPY_PHASE_STRIP = NO;
				DEBUG_INFORMATION_FORMAT = dwarf;
				ENABLE_STRICT_OBJC_MSGSEND = YES;
				ENABLE_TESTABILITY = YES;
				GCC_C_LANGUAGE_STANDARD = gnu11;
				GCC_DYNAMIC_NO_PIC = NO;
				GCC_NO_COMMON_BLOCKS = YES;
				GCC_OPTIMIZATION_LEVEL = 0;
				GCC_PREPROCESSOR_DEFINITIONS = (
					"DEBUG=1",
					"$(inherited)",
				);
				GCC_WARN_64_TO_32_BIT_CONVERSION = YES;
				GCC_WARN_ABOUT_RETURN_TYPE = YES_ERROR;
				GCC_WARN_UNDECLARED_SELECTOR = YES;
				GCC_WARN_UNINITIALIZED_AUTOS = YES_AGGRESSIVE;
				GCC_WARN_UNUSED_FUNCTION = YES;
				GCC_WARN_UNUSED_VARIABLE = YES;
				MACOSX_DEPLOYMENT_TARGET = 10.13;
				MTL_ENABLE_DEBUG_INFO = YES;
				ONLY_ACTIVE_ARCH = YES;
				SDKROOT = macosx;
			};
			name = Debug;
		};
		57D5F8771FAFAEBF004D891B /* Release */ = {
			isa = XCBuildConfiguration;
			buildSettings = {
				ALWAYS_SEARCH_USER_PATHS = NO;
				CLANG_ANALYZER_NONNULL = YES;
				CLANG_ANALYZER_NUMBER_OBJECT_CONVERSION = YES_AGGRESSIVE;
				CLANG_CXX_LANGUAGE_STANDARD = "gnu++14";
				CLANG_CXX_LIBRARY = "libc++";
				CLANG_ENABLE_MODULES = YES;
				CLANG_ENABLE_OBJC_ARC = YES;
				CLANG_WARN_BLOCK_CAPTURE_AUTORELEASING = YES;
				CLANG_WARN_BOOL_CONVERSION = YES;
				CLANG_WARN_COMMA = YES;
				CLANG_WARN_CONSTANT_CONVERSION = YES;
				CLANG_WARN_DIRECT_OBJC_ISA_USAGE = YES_ERROR;
				CLANG_WARN_DOCUMENTATION_COMMENTS = YES;
				CLANG_WARN_EMPTY_BODY = YES;
				CLANG_WARN_ENUM_CONVERSION = YES;
				CLANG_WARN_INFINITE_RECURSION = YES;
				CLANG_WARN_INT_CONVERSION = YES;
				CLANG_WARN_NON_LITERAL_NULL_CONVERSION = YES;
				CLANG_WARN_OBJC_LITERAL_CONVERSION = YES;
				CLANG_WARN_OBJC_ROOT_CLASS = YES_ERROR;
				CLANG_WARN_RANGE_LOOP_ANALYSIS = YES;
				CLANG_WARN_STRICT_PROTOTYPES = YES;
				CLANG_WARN_SUSPICIOUS_MOVE = YES;
				CLANG_WARN_UNGUARDED_AVAILABILITY = YES_AGGRESSIVE;
				CLANG_WARN_UNREACHABLE_CODE = YES;
				CLANG_WARN__DUPLICATE_METHOD_MATCH = YES;
				CODE_SIGN_IDENTITY = "-";
				COPY_PHASE_STRIP = NO;
				DEBUG_INFORMATION_FORMAT = "dwarf-with-dsym";
				ENABLE_NS_ASSERTIONS = NO;
				ENABLE_STRICT_OBJC_MSGSEND = YES;
				GCC_C_LANGUAGE_STANDARD = gnu11;
				GCC_NO_COMMON_BLOCKS = YES;
				GCC_WARN_64_TO_32_BIT_CONVERSION = YES;
				GCC_WARN_ABOUT_RETURN_TYPE = YES_ERROR;
				GCC_WARN_UNDECLARED_SELECTOR = YES;
				GCC_WARN_UNINITIALIZED_AUTOS = YES_AGGRESSIVE;
				GCC_WARN_UNUSED_FUNCTION = YES;
				GCC_WARN_UNUSED_VARIABLE = YES;
				MACOSX_DEPLOYMENT_TARGET = 10.13;
				MTL_ENABLE_DEBUG_INFO = NO;
				SDKROOT = macosx;
			};
			name = Release;
		};
		57D5F8791FAFAEBF004D891B /* Debug */ = {
			isa = XCBuildConfiguration;
			buildSettings = {
				ASSETCATALOG_COMPILER_APPICON_NAME = AppIcon;
				CODE_SIGN_ENTITLEMENTS = AtariDiskBrowser/AtariDiskBrowser.entitlements;
				CODE_SIGN_STYLE = Automatic;
				COMBINE_HIDPI_IMAGES = YES;
				INFOPLIST_FILE = AtariDiskBrowser/Info.plist;
				LD_RUNPATH_SEARCH_PATHS = "$(inherited) @executable_path/../Frameworks";
				PRODUCT_BUNDLE_IDENTIFIER = Klimes.AtariDiskBrowser;
				PRODUCT_NAME = "Atari Disk Browser";
			};
			name = Debug;
		};
		57D5F87A1FAFAEBF004D891B /* Release */ = {
			isa = XCBuildConfiguration;
			buildSettings = {
				ASSETCATALOG_COMPILER_APPICON_NAME = AppIcon;
				CODE_SIGN_ENTITLEMENTS = AtariDiskBrowser/AtariDiskBrowser.entitlements;
				CODE_SIGN_STYLE = Automatic;
				COMBINE_HIDPI_IMAGES = YES;
				INFOPLIST_FILE = AtariDiskBrowser/Info.plist;
				LD_RUNPATH_SEARCH_PATHS = "$(inherited) @executable_path/../Frameworks";
				PRODUCT_BUNDLE_IDENTIFIER = Klimes.AtariDiskBrowser;
				PRODUCT_NAME = "Atari Disk Browser";
			};
			name = Release;
		};
/* End XCBuildConfiguration section */

/* Begin XCConfigurationList section */
		57D5F85F1FAFAEBF004D891B /* Build configuration list for PBXProject "AtariDiskBrowser" */ = {
			isa = XCConfigurationList;
			buildConfigurations = (
				57D5F8761FAFAEBF004D891B /* Debug */,
				57D5F8771FAFAEBF004D891B /* Release */,
			);
			defaultConfigurationIsVisible = 0;
			defaultConfigurationName = Release;
		};
		57D5F8781FAFAEBF004D891B /* Build configuration list for PBXNativeTarget "AtariDiskBrowser" */ = {
			isa = XCConfigurationList;
			buildConfigurations = (
				57D5F8791FAFAEBF004D891B /* Debug */,
				57D5F87A1FAFAEBF004D891B /* Release */,
			);
			defaultConfigurationIsVisible = 0;
			defaultConfigurationName = Release;
		};
/* End XCConfigurationList section */
	};
	rootObject = 57D5F85C1FAFAEBF004D891B /* Project object */;
}
